
Microsoft Visual Studio Solution File, Format Version 12.00
Project("{FAE04EC0-301F-11D3-BF4B-00C04F79EFBC}") = "Maui.Reteno.Android", "Maui.Reteno.Android\Maui.Reteno.Android.csproj", "{C03DCE6F-89BA-4DFE-9EC1-18B83F59BC63}"
EndProject
Project("{FAE04EC0-301F-11D3-BF4B-00C04F79EFBC}") = "Maui.Reteno.iOS", "Maui.Reteno.iOS\Maui.Reteno.iOS.csproj", "{690FB796-C935-4070-B27D-FE307C4DAFAA}"
EndProject
Global
	GlobalSection(SolutionConfigurationPlatforms) = preSolution
		Debug|Any CPU = Debug|Any CPU
		Release|Any CPU = Release|Any CPU
	EndGlobalSection
	GlobalSection(ProjectConfigurationPlatforms) = postSolution
		{C03DCE6F-89BA-4DFE-9EC1-18B83F59BC63}.Debug|Any CPU.ActiveCfg = Debug|Any CPU
		{C03DCE6F-89BA-4DFE-9EC1-18B83F59BC63}.Debug|Any CPU.Build.0 = Debug|Any CPU
		{C03DCE6F-89BA-4DFE-9EC1-18B83F59BC63}.Release|Any CPU.ActiveCfg = Release|Any CPU
		{C03DCE6F-89BA-4DFE-9EC1-18B83F59BC63}.Release|Any CPU.Build.0 = Release|Any CPU
		{690FB796-C935-4070-B27D-FE307C4DAFAA}.Debug|Any CPU.ActiveCfg = Debug|Any CPU
		{690FB796-C935-4070-B27D-FE307C4DAFAA}.Debug|Any CPU.Build.0 = Debug|Any CPU
		{690FB796-C935-4070-B27D-FE307C4DAFAA}.Release|Any CPU.ActiveCfg = Release|Any CPU
		{690FB796-C935-4070-B27D-FE307C4DAFAA}.Release|Any CPU.Build.0 = Release|Any CPU
	EndGlobalSection
EndGlobal
